
Microsoft Visual Studio Solution File, Format Version 12.00
# Visual Studio 15
Project("{FAE04EC0-301F-11D3-BF4B-00C04F79EFBC}") = "Assembly-CSharp", "Assembly-CSharp.csproj", "{A0079709-B318-D0F0-DE0B-236529E67E2F}"
EndProject
Project("{9A19103F-16F7-4668-BE54-9A1E7A4F7556}") = "Zork.Common", "..\Zork.Common\Zork.Common.csproj", "{4D7EBE4A-B705-4CE2-B4F4-48473E85C6B7}"
EndProject
Project("{9A19103F-16F7-4668-BE54-9A1E7A4F7556}") = "Zork", "..\Zork.Console\Zork.csproj", "{3B0F8A0B-C87A-4ECE-97C8-BC10E7D91A3A}"
EndProject
Global
	GlobalSection(SolutionConfigurationPlatforms) = preSolution
		Debug|Any CPU = Debug|Any CPU
		Release|Any CPU = Release|Any CPU
	EndGlobalSection
	GlobalSection(ProjectConfigurationPlatforms) = postSolution
		{A0079709-B318-D0F0-DE0B-236529E67E2F}.Debug|Any CPU.ActiveCfg = Debug|Any CPU
		{A0079709-B318-D0F0-DE0B-236529E67E2F}.Debug|Any CPU.Build.0 = Debug|Any CPU
		{A0079709-B318-D0F0-DE0B-236529E67E2F}.Release|Any CPU.ActiveCfg = Release|Any CPU
		{A0079709-B318-D0F0-DE0B-236529E67E2F}.Release|Any CPU.Build.0 = Release|Any CPU
		{4D7EBE4A-B705-4CE2-B4F4-48473E85C6B7}.Debug|Any CPU.ActiveCfg = Debug|Any CPU
		{4D7EBE4A-B705-4CE2-B4F4-48473E85C6B7}.Debug|Any CPU.Build.0 = Debug|Any CPU
		{4D7EBE4A-B705-4CE2-B4F4-48473E85C6B7}.Release|Any CPU.ActiveCfg = Release|Any CPU
		{4D7EBE4A-B705-4CE2-B4F4-48473E85C6B7}.Release|Any CPU.Build.0 = Release|Any CPU
		{3B0F8A0B-C87A-4ECE-97C8-BC10E7D91A3A}.Debug|Any CPU.ActiveCfg = Debug|Any CPU
		{3B0F8A0B-C87A-4ECE-97C8-BC10E7D91A3A}.Debug|Any CPU.Build.0 = Debug|Any CPU
		{3B0F8A0B-C87A-4ECE-97C8-BC10E7D91A3A}.Release|Any CPU.ActiveCfg = Release|Any CPU
		{3B0F8A0B-C87A-4ECE-97C8-BC10E7D91A3A}.Release|Any CPU.Build.0 = Release|Any CPU
	EndGlobalSection
	GlobalSection(SolutionProperties) = preSolution
		HideSolutionNode = FALSE
	EndGlobalSection
EndGlobal
